
Microsoft Visual Studio Solution File, Format Version 12.00
# Visual Studio Version 17
VisualStudioVersion = 17.0.31903.59
MinimumVisualStudioVersion = 10.0.40219.1
Project("{FAE04EC0-301F-11D3-BF4B-00C04F79EFBC}") = "Estoque.Api", "Estoque.Api\Estoque.Api.csproj", "{F00B69A9-99D2-4864-844D-B926980A8B39}"
EndProject
Project("{FAE04EC0-301F-11D3-BF4B-00C04F79EFBC}") = "Estoque.Application", "Estoque.Application\Estoque.Application.csproj", "{7AB21C2B-15C9-4D21-9B12-3C3EDDE16570}"
EndProject
Project("{FAE04EC0-301F-11D3-BF4B-00C04F79EFBC}") = "Estoque.Data", "Estoque.Data\Estoque.Data.csproj", "{24647525-FD63-4939-8B62-876FEB44FFCA}"
EndProject
Project("{FAE04EC0-301F-11D3-BF4B-00C04F79EFBC}") = "Estoque.Domain", "Estoque.Domain\Estoque.Domain.csproj", "{7FCBBDA1-9D71-458D-B5DA-2000E36681ED}"
EndProject
Project("{FAE04EC0-301F-11D3-BF4B-00C04F79EFBC}") = "Estoque.Identity", "Estoque.Identity\Estoque.Identity.csproj", "{8F141AB2-296A-4CA0-BCF7-E8BDD125C873}"
EndProject
Global
	GlobalSection(SolutionConfigurationPlatforms) = preSolution
		Debug|Any CPU = Debug|Any CPU
		Release|Any CPU = Release|Any CPU
	EndGlobalSection
	GlobalSection(SolutionProperties) = preSolution
		HideSolutionNode = FALSE
	EndGlobalSection
	GlobalSection(ProjectConfigurationPlatforms) = postSolution
		{F00B69A9-99D2-4864-844D-B926980A8B39}.Debug|Any CPU.ActiveCfg = Debug|Any CPU
		{F00B69A9-99D2-4864-844D-B926980A8B39}.Debug|Any CPU.Build.0 = Debug|Any CPU
		{F00B69A9-99D2-4864-844D-B926980A8B39}.Release|Any CPU.ActiveCfg = Release|Any CPU
		{F00B69A9-99D2-4864-844D-B926980A8B39}.Release|Any CPU.Build.0 = Release|Any CPU
		{7AB21C2B-15C9-4D21-9B12-3C3EDDE16570}.Debug|Any CPU.ActiveCfg = Debug|Any CPU
		{7AB21C2B-15C9-4D21-9B12-3C3EDDE16570}.Debug|Any CPU.Build.0 = Debug|Any CPU
		{7AB21C2B-15C9-4D21-9B12-3C3EDDE16570}.Release|Any CPU.ActiveCfg = Release|Any CPU
		{7AB21C2B-15C9-4D21-9B12-3C3EDDE16570}.Release|Any CPU.Build.0 = Release|Any CPU
		{7FCBBDA1-9D71-458D-B5DA-2000E36681ED}.Debug|Any CPU.ActiveCfg = Debug|Any CPU
		{7FCBBDA1-9D71-458D-B5DA-2000E36681ED}.Debug|Any CPU.Build.0 = Debug|Any CPU
		{7FCBBDA1-9D71-458D-B5DA-2000E36681ED}.Release|Any CPU.ActiveCfg = Release|Any CPU
		{7FCBBDA1-9D71-458D-B5DA-2000E36681ED}.Release|Any CPU.Build.0 = Release|Any CPU
		{8F141AB2-296A-4CA0-BCF7-E8BDD125C873}.Debug|Any CPU.ActiveCfg = Debug|Any CPU
		{8F141AB2-296A-4CA0-BCF7-E8BDD125C873}.Debug|Any CPU.Build.0 = Debug|Any CPU
		{8F141AB2-296A-4CA0-BCF7-E8BDD125C873}.Release|Any CPU.ActiveCfg = Release|Any CPU
		{8F141AB2-296A-4CA0-BCF7-E8BDD125C873}.Release|Any CPU.Build.0 = Release|Any CPU
		{24647525-FD63-4939-8B62-876FEB44FFCA}.Debug|Any CPU.ActiveCfg = Debug|Any CPU
		{24647525-FD63-4939-8B62-876FEB44FFCA}.Debug|Any CPU.Build.0 = Debug|Any CPU
		{24647525-FD63-4939-8B62-876FEB44FFCA}.Release|Any CPU.ActiveCfg = Release|Any CPU
		{24647525-FD63-4939-8B62-876FEB44FFCA}.Release|Any CPU.Build.0 = Release|Any CPU
	EndGlobalSection
EndGlobal
