
Microsoft Visual Studio Solution File, Format Version 12.00
# Visual Studio Version 17
VisualStudioVersion = 17.0.31903.59
MinimumVisualStudioVersion = 10.0.40219.1
Project("{2150E333-8FDC-42A3-9474-1A3956D46DE8}") = "src", "src", "{83EBD7CD-97D8-4DCD-8202-AAC92AE2FA8D}"
EndProject
Project("{FAE04EC0-301F-11D3-BF4B-00C04F79EFBC}") = "SistemaDeEstoque.Domain", "src\SistemaDeEstoque.Domain\SistemaDeEstoque.Domain.csproj", "{11C8A10F-53E9-4A05-9EAE-23FF589FF2F1}"
EndProject
Project("{FAE04EC0-301F-11D3-BF4B-00C04F79EFBC}") = "SistemaDeEstoque.Infrastructure", "src\SistemaDeEstoque.Infrastructure\SistemaDeEstoque.Infrastructure.csproj", "{0CEDB1EC-B5EF-471C-B6BC-5485CF4A031C}"
EndProject
Project("{FAE04EC0-301F-11D3-BF4B-00C04F79EFBC}") = "SistemaDeEstoque.Exceptions", "src\SistemaDeEstoque.Exceptions\SistemaDeEstoque.Exceptions.csproj", "{61975AF0-0D6F-4939-95A6-4C5956D378CD}"
EndProject
Project("{FAE04EC0-301F-11D3-BF4B-00C04F79EFBC}") = "SistemaDeEstoque.Application", "src\SistemaDeEstoque.Application\SistemaDeEstoque.Application.csproj", "{5C6270A1-1736-43FE-BF0A-6005D9C31CE0}"
EndProject
Project("{FAE04EC0-301F-11D3-BF4B-00C04F79EFBC}") = "SistemaDeEstoque.Api", "src\SistemaDeEstoque.Api\SistemaDeEstoque.Api.csproj", "{FC4B8279-668B-4812-918F-8B28F908ADE2}"
EndProject
Project("{FAE04EC0-301F-11D3-BF4B-00C04F79EFBC}") = "SistemaDeEstoque.Communication", "src\SistemaDeEstoque.Communication\SistemaDeEstoque.Communication.csproj", "{00EF5F2B-F668-49BB-B15D-F37B9C880427}"
EndProject
Global
	GlobalSection(SolutionConfigurationPlatforms) = preSolution
		Debug|Any CPU = Debug|Any CPU
		Release|Any CPU = Release|Any CPU
	EndGlobalSection
	GlobalSection(SolutionProperties) = preSolution
		HideSolutionNode = FALSE
	EndGlobalSection
	GlobalSection(ProjectConfigurationPlatforms) = postSolution
		{11C8A10F-53E9-4A05-9EAE-23FF589FF2F1}.Debug|Any CPU.ActiveCfg = Debug|Any CPU
		{11C8A10F-53E9-4A05-9EAE-23FF589FF2F1}.Debug|Any CPU.Build.0 = Debug|Any CPU
		{11C8A10F-53E9-4A05-9EAE-23FF589FF2F1}.Release|Any CPU.ActiveCfg = Release|Any CPU
		{11C8A10F-53E9-4A05-9EAE-23FF589FF2F1}.Release|Any CPU.Build.0 = Release|Any CPU
		{0CEDB1EC-B5EF-471C-B6BC-5485CF4A031C}.Debug|Any CPU.ActiveCfg = Debug|Any CPU
		{0CEDB1EC-B5EF-471C-B6BC-5485CF4A031C}.Debug|Any CPU.Build.0 = Debug|Any CPU
		{0CEDB1EC-B5EF-471C-B6BC-5485CF4A031C}.Release|Any CPU.ActiveCfg = Release|Any CPU
		{0CEDB1EC-B5EF-471C-B6BC-5485CF4A031C}.Release|Any CPU.Build.0 = Release|Any CPU
		{61975AF0-0D6F-4939-95A6-4C5956D378CD}.Debug|Any CPU.ActiveCfg = Debug|Any CPU
		{61975AF0-0D6F-4939-95A6-4C5956D378CD}.Debug|Any CPU.Build.0 = Debug|Any CPU
		{61975AF0-0D6F-4939-95A6-4C5956D378CD}.Release|Any CPU.ActiveCfg = Release|Any CPU
		{61975AF0-0D6F-4939-95A6-4C5956D378CD}.Release|Any CPU.Build.0 = Release|Any CPU
		{5C6270A1-1736-43FE-BF0A-6005D9C31CE0}.Debug|Any CPU.ActiveCfg = Debug|Any CPU
		{5C6270A1-1736-43FE-BF0A-6005D9C31CE0}.Debug|Any CPU.Build.0 = Debug|Any CPU
		{5C6270A1-1736-43FE-BF0A-6005D9C31CE0}.Release|Any CPU.ActiveCfg = Release|Any CPU
		{5C6270A1-1736-43FE-BF0A-6005D9C31CE0}.Release|Any CPU.Build.0 = Release|Any CPU
		{FC4B8279-668B-4812-918F-8B28F908ADE2}.Debug|Any CPU.ActiveCfg = Debug|Any CPU
		{FC4B8279-668B-4812-918F-8B28F908ADE2}.Debug|Any CPU.Build.0 = Debug|Any CPU
		{FC4B8279-668B-4812-918F-8B28F908ADE2}.Release|Any CPU.ActiveCfg = Release|Any CPU
		{FC4B8279-668B-4812-918F-8B28F908ADE2}.Release|Any CPU.Build.0 = Release|Any CPU
		{00EF5F2B-F668-49BB-B15D-F37B9C880427}.Debug|Any CPU.ActiveCfg = Debug|Any CPU
		{00EF5F2B-F668-49BB-B15D-F37B9C880427}.Debug|Any CPU.Build.0 = Debug|Any CPU
		{00EF5F2B-F668-49BB-B15D-F37B9C880427}.Release|Any CPU.ActiveCfg = Release|Any CPU
		{00EF5F2B-F668-49BB-B15D-F37B9C880427}.Release|Any CPU.Build.0 = Release|Any CPU
	EndGlobalSection
	GlobalSection(NestedProjects) = preSolution
		{11C8A10F-53E9-4A05-9EAE-23FF589FF2F1} = {83EBD7CD-97D8-4DCD-8202-AAC92AE2FA8D}
		{0CEDB1EC-B5EF-471C-B6BC-5485CF4A031C} = {83EBD7CD-97D8-4DCD-8202-AAC92AE2FA8D}
		{61975AF0-0D6F-4939-95A6-4C5956D378CD} = {83EBD7CD-97D8-4DCD-8202-AAC92AE2FA8D}
		{5C6270A1-1736-43FE-BF0A-6005D9C31CE0} = {83EBD7CD-97D8-4DCD-8202-AAC92AE2FA8D}
		{FC4B8279-668B-4812-918F-8B28F908ADE2} = {83EBD7CD-97D8-4DCD-8202-AAC92AE2FA8D}
		{00EF5F2B-F668-49BB-B15D-F37B9C880427} = {83EBD7CD-97D8-4DCD-8202-AAC92AE2FA8D}
	EndGlobalSection
EndGlobal
