
Microsoft Visual Studio Solution File, Format Version 12.00
# Visual Studio Version 17
VisualStudioVersion = 17.0.31903.59
MinimumVisualStudioVersion = 10.0.40219.1
Project("{2150E333-8FDC-42A3-9474-1A3956D46DE8}") = "src", "src", "{142E9DDA-8B2A-4A81-ADEB-2F7EC0D3F6C0}"
EndProject
Project("{2150E333-8FDC-42A3-9474-1A3956D46DE8}") = "Backend", "Backend", "{B528BE16-EDC7-42DF-ACDA-D712CC8732CD}"
EndProject
Project("{FAE04EC0-301F-11D3-BF4B-00C04F79EFBC}") = "SistemaDeEstoque.Domain", "src\Backend\SistemaDeEstoque.Domain\SistemaDeEstoque.Domain.csproj", "{33E1B997-1A32-4C6D-AEB5-D14A4C8CB8AF}"
EndProject
Project("{FAE04EC0-301F-11D3-BF4B-00C04F79EFBC}") = "SistemaDeEstoque.Application", "src\Backend\SistemaDeEstoque.Application\SistemaDeEstoque.Application.csproj", "{7DADB6CA-DB0A-49D5-928A-DD96A647B65D}"
EndProject
Project("{FAE04EC0-301F-11D3-BF4B-00C04F79EFBC}") = "SistemaDeEstoque.Infrastructure", "src\Backend\SistemaDeEstoque.Infrastructure\SistemaDeEstoque.Infrastructure.csproj", "{AA584042-7C1A-4DF1-8CC7-BFFE98016B88}"
EndProject
Project("{FAE04EC0-301F-11D3-BF4B-00C04F79EFBC}") = "SistemaDeEstoque.Api", "src\Backend\SistemaDeEstoque.Api\SistemaDeEstoque.Api.csproj", "{7C390C62-72EE-435C-89BD-BF24E65AB74F}"
EndProject
Project("{2150E333-8FDC-42A3-9474-1A3956D46DE8}") = "Shared", "Shared", "{53303FAA-9330-44C1-9003-5B43C10F24E8}"
EndProject
Project("{FAE04EC0-301F-11D3-BF4B-00C04F79EFBC}") = "SistemaDeEstoque.Comunicacao", "src\Shared\SistemaDeEstoque.Comunicacao\SistemaDeEstoque.Comunicacao.csproj", "{49B4B998-2F60-4261-B9A7-4D9D148D8CBD}"
EndProject
Project("{FAE04EC0-301F-11D3-BF4B-00C04F79EFBC}") = "SistemaDeEstoque.Exceptions", "src\Shared\SistemaDeEstoque.Exceptions\SistemaDeEstoque.Exceptions.csproj", "{360E4956-EBEA-4955-9622-6F8997E418D1}"
EndProject
Global
	GlobalSection(SolutionConfigurationPlatforms) = preSolution
		Debug|Any CPU = Debug|Any CPU
		Release|Any CPU = Release|Any CPU
	EndGlobalSection
	GlobalSection(SolutionProperties) = preSolution
		HideSolutionNode = FALSE
	EndGlobalSection
	GlobalSection(ProjectConfigurationPlatforms) = postSolution
		{33E1B997-1A32-4C6D-AEB5-D14A4C8CB8AF}.Debug|Any CPU.ActiveCfg = Debug|Any CPU
		{33E1B997-1A32-4C6D-AEB5-D14A4C8CB8AF}.Debug|Any CPU.Build.0 = Debug|Any CPU
		{33E1B997-1A32-4C6D-AEB5-D14A4C8CB8AF}.Release|Any CPU.ActiveCfg = Release|Any CPU
		{33E1B997-1A32-4C6D-AEB5-D14A4C8CB8AF}.Release|Any CPU.Build.0 = Release|Any CPU
		{7DADB6CA-DB0A-49D5-928A-DD96A647B65D}.Debug|Any CPU.ActiveCfg = Debug|Any CPU
		{7DADB6CA-DB0A-49D5-928A-DD96A647B65D}.Debug|Any CPU.Build.0 = Debug|Any CPU
		{7DADB6CA-DB0A-49D5-928A-DD96A647B65D}.Release|Any CPU.ActiveCfg = Release|Any CPU
		{7DADB6CA-DB0A-49D5-928A-DD96A647B65D}.Release|Any CPU.Build.0 = Release|Any CPU
		{AA584042-7C1A-4DF1-8CC7-BFFE98016B88}.Debug|Any CPU.ActiveCfg = Debug|Any CPU
		{AA584042-7C1A-4DF1-8CC7-BFFE98016B88}.Debug|Any CPU.Build.0 = Debug|Any CPU
		{AA584042-7C1A-4DF1-8CC7-BFFE98016B88}.Release|Any CPU.ActiveCfg = Release|Any CPU
		{AA584042-7C1A-4DF1-8CC7-BFFE98016B88}.Release|Any CPU.Build.0 = Release|Any CPU
		{7C390C62-72EE-435C-89BD-BF24E65AB74F}.Debug|Any CPU.ActiveCfg = Debug|Any CPU
		{7C390C62-72EE-435C-89BD-BF24E65AB74F}.Debug|Any CPU.Build.0 = Debug|Any CPU
		{7C390C62-72EE-435C-89BD-BF24E65AB74F}.Release|Any CPU.ActiveCfg = Release|Any CPU
		{7C390C62-72EE-435C-89BD-BF24E65AB74F}.Release|Any CPU.Build.0 = Release|Any CPU
		{49B4B998-2F60-4261-B9A7-4D9D148D8CBD}.Debug|Any CPU.ActiveCfg = Debug|Any CPU
		{49B4B998-2F60-4261-B9A7-4D9D148D8CBD}.Debug|Any CPU.Build.0 = Debug|Any CPU
		{49B4B998-2F60-4261-B9A7-4D9D148D8CBD}.Release|Any CPU.ActiveCfg = Release|Any CPU
		{49B4B998-2F60-4261-B9A7-4D9D148D8CBD}.Release|Any CPU.Build.0 = Release|Any CPU
		{360E4956-EBEA-4955-9622-6F8997E418D1}.Debug|Any CPU.ActiveCfg = Debug|Any CPU
		{360E4956-EBEA-4955-9622-6F8997E418D1}.Debug|Any CPU.Build.0 = Debug|Any CPU
		{360E4956-EBEA-4955-9622-6F8997E418D1}.Release|Any CPU.ActiveCfg = Release|Any CPU
		{360E4956-EBEA-4955-9622-6F8997E418D1}.Release|Any CPU.Build.0 = Release|Any CPU
	EndGlobalSection
	GlobalSection(NestedProjects) = preSolution
		{B528BE16-EDC7-42DF-ACDA-D712CC8732CD} = {142E9DDA-8B2A-4A81-ADEB-2F7EC0D3F6C0}
		{33E1B997-1A32-4C6D-AEB5-D14A4C8CB8AF} = {B528BE16-EDC7-42DF-ACDA-D712CC8732CD}
		{7DADB6CA-DB0A-49D5-928A-DD96A647B65D} = {B528BE16-EDC7-42DF-ACDA-D712CC8732CD}
		{AA584042-7C1A-4DF1-8CC7-BFFE98016B88} = {B528BE16-EDC7-42DF-ACDA-D712CC8732CD}
		{7C390C62-72EE-435C-89BD-BF24E65AB74F} = {B528BE16-EDC7-42DF-ACDA-D712CC8732CD}
		{53303FAA-9330-44C1-9003-5B43C10F24E8} = {142E9DDA-8B2A-4A81-ADEB-2F7EC0D3F6C0}
		{49B4B998-2F60-4261-B9A7-4D9D148D8CBD} = {53303FAA-9330-44C1-9003-5B43C10F24E8}
		{360E4956-EBEA-4955-9622-6F8997E418D1} = {53303FAA-9330-44C1-9003-5B43C10F24E8}
	EndGlobalSection
EndGlobal
