
Microsoft Visual Studio Solution File, Format Version 12.00
# Visual Studio Version 17
VisualStudioVersion = 17.0.31903.59
MinimumVisualStudioVersion = 10.0.40219.1
Project("{2150E333-8FDC-42A3-9474-1A3956D46DE8}") = "src", "src", "{50128C9A-BD15-4107-8318-1077B19229ED}"
EndProject
Project("{2150E333-8FDC-42A3-9474-1A3956D46DE8}") = "Backend", "Backend", "{AE1B5335-7754-43CC-A92A-91B8E67EB03C}"
EndProject
Project("{FAE04EC0-301F-11D3-BF4B-00C04F79EFBC}") = "SistemaDeEstoque.Domain", "src\Backend\SistemaDeEstoque.Domain\SistemaDeEstoque.Domain.csproj", "{DED738A0-AFFC-4F74-868D-11B199B4997E}"
EndProject
Project("{FAE04EC0-301F-11D3-BF4B-00C04F79EFBC}") = "SistemaDeEstoque.Infrastructure", "src\Backend\SistemaDeEstoque.Infrastructure\SistemaDeEstoque.Infrastructure.csproj", "{3EEFBEA7-8DA7-4315-A5FD-F8B38A746BC6}"
EndProject
Project("{FAE04EC0-301F-11D3-BF4B-00C04F79EFBC}") = "SistemaDeEstoque.Application", "src\Backend\SistemaDeEstoque.Application\SistemaDeEstoque.Application.csproj", "{5B72AFBF-39A2-4B6F-A0A9-2FD9A344DBA0}"
EndProject
Project("{FAE04EC0-301F-11D3-BF4B-00C04F79EFBC}") = "SistemaDeEstoque.Api", "src\Backend\SistemaDeEstoque.Api\SistemaDeEstoque.Api.csproj", "{1837FE6E-233F-4463-9697-8A1876F2ED8A}"
EndProject
Project("{2150E333-8FDC-42A3-9474-1A3956D46DE8}") = "Shared", "Shared", "{6075A049-D26F-4BDC-B9D0-07966A54129C}"
EndProject
Project("{FAE04EC0-301F-11D3-BF4B-00C04F79EFBC}") = "SistemaDeEstoque.Comunicacao", "src\Shared\SistemaDeEstoque.Comunicacao\SistemaDeEstoque.Comunicacao.csproj", "{D4C6528B-2B84-4E82-8EBA-536230547276}"
EndProject
Global
	GlobalSection(SolutionConfigurationPlatforms) = preSolution
		Debug|Any CPU = Debug|Any CPU
		Release|Any CPU = Release|Any CPU
	EndGlobalSection
	GlobalSection(SolutionProperties) = preSolution
		HideSolutionNode = FALSE
	EndGlobalSection
	GlobalSection(ProjectConfigurationPlatforms) = postSolution
		{DED738A0-AFFC-4F74-868D-11B199B4997E}.Debug|Any CPU.ActiveCfg = Debug|Any CPU
		{DED738A0-AFFC-4F74-868D-11B199B4997E}.Debug|Any CPU.Build.0 = Debug|Any CPU
		{DED738A0-AFFC-4F74-868D-11B199B4997E}.Release|Any CPU.ActiveCfg = Release|Any CPU
		{DED738A0-AFFC-4F74-868D-11B199B4997E}.Release|Any CPU.Build.0 = Release|Any CPU
		{3EEFBEA7-8DA7-4315-A5FD-F8B38A746BC6}.Debug|Any CPU.ActiveCfg = Debug|Any CPU
		{3EEFBEA7-8DA7-4315-A5FD-F8B38A746BC6}.Debug|Any CPU.Build.0 = Debug|Any CPU
		{3EEFBEA7-8DA7-4315-A5FD-F8B38A746BC6}.Release|Any CPU.ActiveCfg = Release|Any CPU
		{3EEFBEA7-8DA7-4315-A5FD-F8B38A746BC6}.Release|Any CPU.Build.0 = Release|Any CPU
		{5B72AFBF-39A2-4B6F-A0A9-2FD9A344DBA0}.Debug|Any CPU.ActiveCfg = Debug|Any CPU
		{5B72AFBF-39A2-4B6F-A0A9-2FD9A344DBA0}.Debug|Any CPU.Build.0 = Debug|Any CPU
		{5B72AFBF-39A2-4B6F-A0A9-2FD9A344DBA0}.Release|Any CPU.ActiveCfg = Release|Any CPU
		{5B72AFBF-39A2-4B6F-A0A9-2FD9A344DBA0}.Release|Any CPU.Build.0 = Release|Any CPU
		{1837FE6E-233F-4463-9697-8A1876F2ED8A}.Debug|Any CPU.ActiveCfg = Debug|Any CPU
		{1837FE6E-233F-4463-9697-8A1876F2ED8A}.Debug|Any CPU.Build.0 = Debug|Any CPU
		{1837FE6E-233F-4463-9697-8A1876F2ED8A}.Release|Any CPU.ActiveCfg = Release|Any CPU
		{1837FE6E-233F-4463-9697-8A1876F2ED8A}.Release|Any CPU.Build.0 = Release|Any CPU
		{D4C6528B-2B84-4E82-8EBA-536230547276}.Debug|Any CPU.ActiveCfg = Debug|Any CPU
		{D4C6528B-2B84-4E82-8EBA-536230547276}.Debug|Any CPU.Build.0 = Debug|Any CPU
		{D4C6528B-2B84-4E82-8EBA-536230547276}.Release|Any CPU.ActiveCfg = Release|Any CPU
		{D4C6528B-2B84-4E82-8EBA-536230547276}.Release|Any CPU.Build.0 = Release|Any CPU
	EndGlobalSection
	GlobalSection(NestedProjects) = preSolution
		{AE1B5335-7754-43CC-A92A-91B8E67EB03C} = {50128C9A-BD15-4107-8318-1077B19229ED}
		{DED738A0-AFFC-4F74-868D-11B199B4997E} = {AE1B5335-7754-43CC-A92A-91B8E67EB03C}
		{3EEFBEA7-8DA7-4315-A5FD-F8B38A746BC6} = {AE1B5335-7754-43CC-A92A-91B8E67EB03C}
		{5B72AFBF-39A2-4B6F-A0A9-2FD9A344DBA0} = {AE1B5335-7754-43CC-A92A-91B8E67EB03C}
		{1837FE6E-233F-4463-9697-8A1876F2ED8A} = {AE1B5335-7754-43CC-A92A-91B8E67EB03C}
		{6075A049-D26F-4BDC-B9D0-07966A54129C} = {50128C9A-BD15-4107-8318-1077B19229ED}
		{D4C6528B-2B84-4E82-8EBA-536230547276} = {6075A049-D26F-4BDC-B9D0-07966A54129C}
	EndGlobalSection
EndGlobal
